// !$*UTF8*$!
{
	archiveVersion = 1;
	classes = {
	};
	objectVersion = 77;
	objects = {

/* Begin PBXBuildFile section */
		36C28E7CD597024421D19A97 /* TeamsListView.swift in Sources */ = {isa = PBXBuildFile; fileRef = F69215AAFBE73E8539AD98B4 /* TeamsListView.swift */; };
		3868B6EB7F391B000669F1F8 /* AppDelegate.swift in Sources */ = {isa = PBXBuildFile; fileRef = F491B6A7AEF64F3EDA281E48 /* AppDelegate.swift */; };
		431E120B95675A375EC8FB29 /* MainView.swift in Sources */ = {isa = PBXBuildFile; fileRef = E00EADCE776DFD8136570AC3 /* MainView.swift */; };
		6432771414C237C6A7115DBD /* CrewBusKit in Frameworks */ = {isa = PBXBuildFile; productRef = 2A3D76AC94280AA0F1171339 /* CrewBusKit */; };
		6F56DA297336898A6CC0D0C8 /* DashboardView.swift in Sources */ = {isa = PBXBuildFile; fileRef = 41262803DABA11ABFC4A96C8 /* DashboardView.swift */; };
		6FED2D19ECD473FA765F2BED /* AppState.swift in Sources */ = {isa = PBXBuildFile; fileRef = F1CC97AAE72A5F8B62802001 /* AppState.swift */; };
		73F952097829ACD761D37BA3 /* SidebarView.swift in Sources */ = {isa = PBXBuildFile; fileRef = 2016906219E70F6028CF1D2D /* SidebarView.swift */; };
		7522DBC21A2D78D4940C07A0 /* ChatView.swift in Sources */ = {isa = PBXBuildFile; fileRef = 72A641160E812C6B713CC054 /* ChatView.swift */; };
		89BE762810FE56792350CC4A /* SetupView.swift in Sources */ = {isa = PBXBuildFile; fileRef = A979613C70183C5AD78F607F /* SetupView.swift */; };
		9AC68154C41464EEAFBC8310 /* ChatBubbleView.swift in Sources */ = {isa = PBXBuildFile; fileRef = C0CCCD4F566325270667F568 /* ChatBubbleView.swift */; };
		9B1080F3C0FBE947954FC8EC /* StatsCardView.swift in Sources */ = {isa = PBXBuildFile; fileRef = D7564036E5861AFC600BD9AA /* StatsCardView.swift */; };
		AA815DD85854F66332C1EE7D /* AgentDetailView.swift in Sources */ = {isa = PBXBuildFile; fileRef = 2B3497324F6468615DEFFE93 /* AgentDetailView.swift */; };
		BAA373537C6EA2B5AE495890 /* ChatInputView.swift in Sources */ = {isa = PBXBuildFile; fileRef = B770D509ADCD35EBF44EAD94 /* ChatInputView.swift */; };
		C5D459DE8F5B59162AC0E757 /* ServerManager.swift in Sources */ = {isa = PBXBuildFile; fileRef = A2999E8FD9F11268D74B1E12 /* ServerManager.swift */; };
		D5149E85FAC71E538584308C /* CrewBusApp.swift in Sources */ = {isa = PBXBuildFile; fileRef = E236AA6A8755BF280481E8E0 /* CrewBusApp.swift */; };
		ECC48B89108F5A6CA0E7A279 /* DecisionLogView.swift in Sources */ = {isa = PBXBuildFile; fileRef = 4E1FF4DB74CF4AFC6F601366 /* DecisionLogView.swift */; };
		F2F188800BE6274EC0456AA8 /* AgentRow.swift in Sources */ = {isa = PBXBuildFile; fileRef = 071FA1001527853DCC58BCB6 /* AgentRow.swift */; };
/* End PBXBuildFile section */

/* Begin PBXFileReference section */
		071FA1001527853DCC58BCB6 /* AgentRow.swift */ = {isa = PBXFileReference; lastKnownFileType = sourcecode.swift; path = AgentRow.swift; sourceTree = "<group>"; };
		2016906219E70F6028CF1D2D /* SidebarView.swift */ = {isa = PBXFileReference; lastKnownFileType = sourcecode.swift; path = SidebarView.swift; sourceTree = "<group>"; };
		2B3497324F6468615DEFFE93 /* AgentDetailView.swift */ = {isa = PBXFileReference; lastKnownFileType = sourcecode.swift; path = AgentDetailView.swift; sourceTree = "<group>"; };
		41262803DABA11ABFC4A96C8 /* DashboardView.swift */ = {isa = PBXFileReference; lastKnownFileType = sourcecode.swift; path = DashboardView.swift; sourceTree = "<group>"; };
		4DD639FF261CF61B860C9270 /* CrewBus.app */ = {isa = PBXFileReference; explicitFileType = wrapper.application; includeInIndex = 0; path = CrewBus.app; sourceTree = BUILT_PRODUCTS_DIR; };
		4E1FF4DB74CF4AFC6F601366 /* DecisionLogView.swift */ = {isa = PBXFileReference; lastKnownFileType = sourcecode.swift; path = DecisionLogView.swift; sourceTree = "<group>"; };
		72A641160E812C6B713CC054 /* ChatView.swift */ = {isa = PBXFileReference; lastKnownFileType = sourcecode.swift; path = ChatView.swift; sourceTree = "<group>"; };
		A2999E8FD9F11268D74B1E12 /* ServerManager.swift */ = {isa = PBXFileReference; lastKnownFileType = sourcecode.swift; path = ServerManager.swift; sourceTree = "<group>"; };
		A979613C70183C5AD78F607F /* SetupView.swift */ = {isa = PBXFileReference; lastKnownFileType = sourcecode.swift; path = SetupView.swift; sourceTree = "<group>"; };
		B770D509ADCD35EBF44EAD94 /* ChatInputView.swift */ = {isa = PBXFileReference; lastKnownFileType = sourcecode.swift; path = ChatInputView.swift; sourceTree = "<group>"; };
		C0CCCD4F566325270667F568 /* ChatBubbleView.swift */ = {isa = PBXFileReference; lastKnownFileType = sourcecode.swift; path = ChatBubbleView.swift; sourceTree = "<group>"; };
		D7564036E5861AFC600BD9AA /* StatsCardView.swift */ = {isa = PBXFileReference; lastKnownFileType = sourcecode.swift; path = StatsCardView.swift; sourceTree = "<group>"; };
		DB8BC222B5C256BB435235D5 /* CrewBusKit */ = {isa = PBXFileReference; lastKnownFileType = folder; name = CrewBusKit; path = ../CrewBusKit; sourceTree = SOURCE_ROOT; };
		E00EADCE776DFD8136570AC3 /* MainView.swift */ = {isa = PBXFileReference; lastKnownFileType = sourcecode.swift; path = MainView.swift; sourceTree = "<group>"; };
		E236AA6A8755BF280481E8E0 /* CrewBusApp.swift */ = {isa = PBXFileReference; lastKnownFileType = sourcecode.swift; path = CrewBusApp.swift; sourceTree = "<group>"; };
		F1CC97AAE72A5F8B62802001 /* AppState.swift */ = {isa = PBXFileReference; lastKnownFileType = sourcecode.swift; path = AppState.swift; sourceTree = "<group>"; };
		F491B6A7AEF64F3EDA281E48 /* AppDelegate.swift */ = {isa = PBXFileReference; lastKnownFileType = sourcecode.swift; path = AppDelegate.swift; sourceTree = "<group>"; };
		F69215AAFBE73E8539AD98B4 /* TeamsListView.swift */ = {isa = PBXFileReference; lastKnownFileType = sourcecode.swift; path = TeamsListView.swift; sourceTree = "<group>"; };
/* End PBXFileReference section */

/* Begin PBXFrameworksBuildPhase section */
		60E7569D0938F7B4805DD0EE /* Frameworks */ = {
			isa = PBXFrameworksBuildPhase;
			buildActionMask = 2147483647;
			files = (
				6432771414C237C6A7115DBD /* CrewBusKit in Frameworks */,
			);
			runOnlyForDeploymentPostprocessing = 0;
		};
/* End PBXFrameworksBuildPhase section */

/* Begin PBXGroup section */
		21FC0F6DFB4C942C2A02C786 /* Teams */ = {
			isa = PBXGroup;
			children = (
				F69215AAFBE73E8539AD98B4 /* TeamsListView.swift */,
			);
			path = Teams;
			sourceTree = "<group>";
		};
		27E6EC80BBF6324E80E96C35 /* Decisions */ = {
			isa = PBXGroup;
			children = (
				4E1FF4DB74CF4AFC6F601366 /* DecisionLogView.swift */,
			);
			path = Decisions;
			sourceTree = "<group>";
		};
		3864487F334DF916C6CB98BC = {
			isa = PBXGroup;
			children = (
				FB7149433D6D994681D958B7 /* Packages */,
				727B72DC6A0C7E9AEB5E7411 /* Sources */,
				993C797DF80F3567E176835E /* Products */,
			);
			sourceTree = "<group>";
		};
		727B72DC6A0C7E9AEB5E7411 /* Sources */ = {
			isa = PBXGroup;
			children = (
				F491B6A7AEF64F3EDA281E48 /* AppDelegate.swift */,
				F1CC97AAE72A5F8B62802001 /* AppState.swift */,
				E236AA6A8755BF280481E8E0 /* CrewBusApp.swift */,
				A2999E8FD9F11268D74B1E12 /* ServerManager.swift */,
				DBAB6FA772C17B45DDB56FD4 /* Views */,
			);
			name = Sources;
			path = CrewBus/Sources;
			sourceTree = "<group>";
		};
		765BB82738A4BC798C7AF751 /* Sidebar */ = {
			isa = PBXGroup;
			children = (
				071FA1001527853DCC58BCB6 /* AgentRow.swift */,
				2016906219E70F6028CF1D2D /* SidebarView.swift */,
			);
			path = Sidebar;
			sourceTree = "<group>";
		};
		993C797DF80F3567E176835E /* Products */ = {
			isa = PBXGroup;
			children = (
				4DD639FF261CF61B860C9270 /* CrewBus.app */,
			);
			name = Products;
			sourceTree = "<group>";
		};
		CABCE59C3DEC83F702B11B5D /* Chat */ = {
			isa = PBXGroup;
			children = (
				C0CCCD4F566325270667F568 /* ChatBubbleView.swift */,
				B770D509ADCD35EBF44EAD94 /* ChatInputView.swift */,
				72A641160E812C6B713CC054 /* ChatView.swift */,
			);
			path = Chat;
			sourceTree = "<group>";
		};
		DBAB6FA772C17B45DDB56FD4 /* Views */ = {
			isa = PBXGroup;
			children = (
				E00EADCE776DFD8136570AC3 /* MainView.swift */,
				FA0D8681FD51A3C9D95E54BB /* Agents */,
				CABCE59C3DEC83F702B11B5D /* Chat */,
				F792B7254D5BB848C9EE1CE0 /* Dashboard */,
				27E6EC80BBF6324E80E96C35 /* Decisions */,
				E6F2BC2A05B8331E32B70692 /* Setup */,
				765BB82738A4BC798C7AF751 /* Sidebar */,
				21FC0F6DFB4C942C2A02C786 /* Teams */,
			);
			path = Views;
			sourceTree = "<group>";
		};
		E6F2BC2A05B8331E32B70692 /* Setup */ = {
			isa = PBXGroup;
			children = (
				A979613C70183C5AD78F607F /* SetupView.swift */,
			);
			path = Setup;
			sourceTree = "<group>";
		};
		F792B7254D5BB848C9EE1CE0 /* Dashboard */ = {
			isa = PBXGroup;
			children = (
				41262803DABA11ABFC4A96C8 /* DashboardView.swift */,
				D7564036E5861AFC600BD9AA /* StatsCardView.swift */,
			);
			path = Dashboard;
			sourceTree = "<group>";
		};
		FA0D8681FD51A3C9D95E54BB /* Agents */ = {
			isa = PBXGroup;
			children = (
				2B3497324F6468615DEFFE93 /* AgentDetailView.swift */,
			);
			path = Agents;
			sourceTree = "<group>";
		};
		FB7149433D6D994681D958B7 /* Packages */ = {
			isa = PBXGroup;
			children = (
				DB8BC222B5C256BB435235D5 /* CrewBusKit */,
			);
			name = Packages;
			sourceTree = "<group>";
		};
/* End PBXGroup section */

/* Begin PBXNativeTarget section */
		B589BDC7FC8E164554439CFA /* CrewBus */ = {
			isa = PBXNativeTarget;
			buildConfigurationList = 14E0308B6B74F2CDFFE8BA1E /* Build configuration list for PBXNativeTarget "CrewBus" */;
			buildPhases = (
				835250D3EB7262D2B8E66E9B /* Sources */,
				60E7569D0938F7B4805DD0EE /* Frameworks */,
			);
			buildRules = (
			);
			dependencies = (
			);
			name = CrewBus;
			packageProductDependencies = (
				2A3D76AC94280AA0F1171339 /* CrewBusKit */,
			);
			productName = CrewBus;
			productReference = 4DD639FF261CF61B860C9270 /* CrewBus.app */;
			productType = "com.apple.product-type.application";
		};
/* End PBXNativeTarget section */

/* Begin PBXProject section */
		F571E4418AC8E68FDD269CD5 /* Project object */ = {
			isa = PBXProject;
			attributes = {
				BuildIndependentTargetsInParallel = YES;
				LastUpgradeCheck = 1500;
				TargetAttributes = {
					B589BDC7FC8E164554439CFA = {
						DevelopmentTeam = "";
					};
				};
			};
			buildConfigurationList = 25FF21C0B9E6E00A939FF348 /* Build configuration list for PBXProject "CrewBus" */;
			compatibilityVersion = "Xcode 14.0";
			developmentRegion = en;
			hasScannedForEncodings = 0;
			knownRegions = (
				Base,
				en,
			);
			mainGroup = 3864487F334DF916C6CB98BC;
			minimizedProjectReferenceProxies = 1;
			packageReferences = (
				7C9F75A04717380241440242 /* XCLocalSwiftPackageReference "../CrewBusKit" */,
			);
			preferredProjectObjectVersion = 77;
			projectDirPath = "";
			projectRoot = "";
			targets = (
				B589BDC7FC8E164554439CFA /* CrewBus */,
			);
		};
/* End PBXProject section */

/* Begin PBXSourcesBuildPhase section */
		835250D3EB7262D2B8E66E9B /* Sources */ = {
			isa = PBXSourcesBuildPhase;
			buildActionMask = 2147483647;
			files = (
				AA815DD85854F66332C1EE7D /* AgentDetailView.swift in Sources */,
				F2F188800BE6274EC0456AA8 /* AgentRow.swift in Sources */,
				3868B6EB7F391B000669F1F8 /* AppDelegate.swift in Sources */,
				6FED2D19ECD473FA765F2BED /* AppState.swift in Sources */,
				9AC68154C41464EEAFBC8310 /* ChatBubbleView.swift in Sources */,
				BAA373537C6EA2B5AE495890 /* ChatInputView.swift in Sources */,
				7522DBC21A2D78D4940C07A0 /* ChatView.swift in Sources */,
				D5149E85FAC71E538584308C /* CrewBusApp.swift in Sources */,
				6F56DA297336898A6CC0D0C8 /* DashboardView.swift in Sources */,
				ECC48B89108F5A6CA0E7A279 /* DecisionLogView.swift in Sources */,
				431E120B95675A375EC8FB29 /* MainView.swift in Sources */,
				C5D459DE8F5B59162AC0E757 /* ServerManager.swift in Sources */,
				89BE762810FE56792350CC4A /* SetupView.swift in Sources */,
				73F952097829ACD761D37BA3 /* SidebarView.swift in Sources */,
				9B1080F3C0FBE947954FC8EC /* StatsCardView.swift in Sources */,
				36C28E7CD597024421D19A97 /* TeamsListView.swift in Sources */,
			);
			runOnlyForDeploymentPostprocessing = 0;
		};
/* End PBXSourcesBuildPhase section */

/* Begin XCBuildConfiguration section */
		6C6D5365F83F04C3FC17502B /* Debug */ = {
			isa = XCBuildConfiguration;
			buildSettings = {
				ASSETCATALOG_COMPILER_APPICON_NAME = AppIcon;
				CODE_SIGN_ENTITLEMENTS = CrewBus/Resources/CrewBus.entitlements;
				COMBINE_HIDPI_IMAGES = YES;
				CURRENT_PROJECT_VERSION = 1;
				DEVELOPMENT_TEAM = "";
				INFOPLIST_FILE = CrewBus/Resources/Info.plist;
				LD_RUNPATH_SEARCH_PATHS = (
					"$(inherited)",
					"@executable_path/../Frameworks",
				);
				MARKETING_VERSION = 1.0.0;
				PRODUCT_BUNDLE_IDENTIFIER = com.crewbus.mac;
				SDKROOT = macosx;
				SWIFT_VERSION = 5.9;
			};
			name = Debug;
		};
		A6CEB852240A23A588AA07DB /* Release */ = {
			isa = XCBuildConfiguration;
			buildSettings = {
				ALWAYS_SEARCH_USER_PATHS = NO;
				CLANG_ANALYZER_NONNULL = YES;
				CLANG_ANALYZER_NUMBER_OBJECT_CONVERSION = YES_AGGRESSIVE;
				CLANG_CXX_LANGUAGE_STANDARD = "gnu++14";
				CLANG_CXX_LIBRARY = "libc++";
				CLANG_ENABLE_MODULES = YES;
				CLANG_ENABLE_OBJC_ARC = YES;
				CLANG_ENABLE_OBJC_WEAK = YES;
				CLANG_WARN_BLOCK_CAPTURE_AUTORELEASING = YES;
				CLANG_WARN_BOOL_CONVERSION = YES;
				CLANG_WARN_COMMA = YES;
				CLANG_WARN_CONSTANT_CONVERSION = YES;
				CLANG_WARN_DEPRECATED_OBJC_IMPLEMENTATIONS = YES;
				CLANG_WARN_DIRECT_OBJC_ISA_USAGE = YES_ERROR;
				CLANG_WARN_DOCUMENTATION_COMMENTS = YES;
				CLANG_WARN_EMPTY_BODY = YES;
				CLANG_WARN_ENUM_CONVERSION = YES;
				CLANG_WARN_INFINITE_RECURSION = YES;
				CLANG_WARN_INT_CONVERSION = YES;
				CLANG_WARN_NON_LITERAL_NULL_CONVERSION = YES;
				CLANG_WARN_OBJC_IMPLICIT_RETAIN_SELF = YES;
				CLANG_WARN_OBJC_LITERAL_CONVERSION = YES;
				CLANG_WARN_OBJC_ROOT_CLASS = YES_ERROR;
				CLANG_WARN_QUOTED_INCLUDE_IN_FRAMEWORK_HEADER = YES;
				CLANG_WARN_RANGE_LOOP_ANALYSIS = YES;
				CLANG_WARN_STRICT_PROTOTYPES = YES;
				CLANG_WARN_SUSPICIOUS_MOVE = YES;
				CLANG_WARN_UNGUARDED_AVAILABILITY = YES_AGGRESSIVE;
				CLANG_WARN_UNREACHABLE_CODE = YES;
				CLANG_WARN__DUPLICATE_METHOD_MATCH = YES;
				COPY_PHASE_STRIP = NO;
				DEBUG_INFORMATION_FORMAT = "dwarf-with-dsym";
				ENABLE_NS_ASSERTIONS = NO;
				ENABLE_STRICT_OBJC_MSGSEND = YES;
				GCC_C_LANGUAGE_STANDARD = gnu11;
				GCC_NO_COMMON_BLOCKS = YES;
				GCC_WARN_64_TO_32_BIT_CONVERSION = YES;
				GCC_WARN_ABOUT_RETURN_TYPE = YES_ERROR;
				GCC_WARN_UNDECLARED_SELECTOR = YES;
				GCC_WARN_UNINITIALIZED_AUTOS = YES_AGGRESSIVE;
				GCC_WARN_UNUSED_FUNCTION = YES;
				GCC_WARN_UNUSED_VARIABLE = YES;
				MACOSX_DEPLOYMENT_TARGET = 14.0;
				MTL_ENABLE_DEBUG_INFO = NO;
				MTL_FAST_MATH = YES;
				PRODUCT_NAME = "$(TARGET_NAME)";
				SDKROOT = macosx;
				SWIFT_COMPILATION_MODE = wholemodule;
				SWIFT_OPTIMIZATION_LEVEL = "-O";
				SWIFT_VERSION = 5.0;
			};
			name = Release;
		};
		BC263C7A0FE37642C9CDF443 /* Release */ = {
			isa = XCBuildConfiguration;
			buildSettings = {
				ASSETCATALOG_COMPILER_APPICON_NAME = AppIcon;
				CODE_SIGN_ENTITLEMENTS = CrewBus/Resources/CrewBus.entitlements;
				COMBINE_HIDPI_IMAGES = YES;
				CURRENT_PROJECT_VERSION = 1;
				DEVELOPMENT_TEAM = "";
				INFOPLIST_FILE = CrewBus/Resources/Info.plist;
				LD_RUNPATH_SEARCH_PATHS = (
					"$(inherited)",
					"@executable_path/../Frameworks",
				);
				MARKETING_VERSION = 1.0.0;
				PRODUCT_BUNDLE_IDENTIFIER = com.crewbus.mac;
				SDKROOT = macosx;
				SWIFT_VERSION = 5.9;
			};
			name = Release;
		};
		CABEE5DF23822F40C0D9DB36 /* Debug */ = {
			isa = XCBuildConfiguration;
			buildSettings = {
				ALWAYS_SEARCH_USER_PATHS = NO;
				CLANG_ANALYZER_NONNULL = YES;
				CLANG_ANALYZER_NUMBER_OBJECT_CONVERSION = YES_AGGRESSIVE;
				CLANG_CXX_LANGUAGE_STANDARD = "gnu++14";
				CLANG_CXX_LIBRARY = "libc++";
				CLANG_ENABLE_MODULES = YES;
				CLANG_ENABLE_OBJC_ARC = YES;
				CLANG_ENABLE_OBJC_WEAK = YES;
				CLANG_WARN_BLOCK_CAPTURE_AUTORELEASING = YES;
				CLANG_WARN_BOOL_CONVERSION = YES;
				CLANG_WARN_COMMA = YES;
				CLANG_WARN_CONSTANT_CONVERSION = YES;
				CLANG_WARN_DEPRECATED_OBJC_IMPLEMENTATIONS = YES;
				CLANG_WARN_DIRECT_OBJC_ISA_USAGE = YES_ERROR;
				CLANG_WARN_DOCUMENTATION_COMMENTS = YES;
				CLANG_WARN_EMPTY_BODY = YES;
				CLANG_WARN_ENUM_CONVERSION = YES;
				CLANG_WARN_INFINITE_RECURSION = YES;
				CLANG_WARN_INT_CONVERSION = YES;
				CLANG_WARN_NON_LITERAL_NULL_CONVERSION = YES;
				CLANG_WARN_OBJC_IMPLICIT_RETAIN_SELF = YES;
				CLANG_WARN_OBJC_LITERAL_CONVERSION = YES;
				CLANG_WARN_OBJC_ROOT_CLASS = YES_ERROR;
				CLANG_WARN_QUOTED_INCLUDE_IN_FRAMEWORK_HEADER = YES;
				CLANG_WARN_RANGE_LOOP_ANALYSIS = YES;
				CLANG_WARN_STRICT_PROTOTYPES = YES;
				CLANG_WARN_SUSPICIOUS_MOVE = YES;
				CLANG_WARN_UNGUARDED_AVAILABILITY = YES_AGGRESSIVE;
				CLANG_WARN_UNREACHABLE_CODE = YES;
				CLANG_WARN__DUPLICATE_METHOD_MATCH = YES;
				COPY_PHASE_STRIP = NO;
				DEBUG_INFORMATION_FORMAT = dwarf;
				ENABLE_STRICT_OBJC_MSGSEND = YES;
				ENABLE_TESTABILITY = YES;
				GCC_C_LANGUAGE_STANDARD = gnu11;
				GCC_DYNAMIC_NO_PIC = NO;
				GCC_NO_COMMON_BLOCKS = YES;
				GCC_OPTIMIZATION_LEVEL = 0;
				GCC_PREPROCESSOR_DEFINITIONS = (
					"$(inherited)",
					"DEBUG=1",
				);
				GCC_WARN_64_TO_32_BIT_CONVERSION = YES;
				GCC_WARN_ABOUT_RETURN_TYPE = YES_ERROR;
				GCC_WARN_UNDECLARED_SELECTOR = YES;
				GCC_WARN_UNINITIALIZED_AUTOS = YES_AGGRESSIVE;
				GCC_WARN_UNUSED_FUNCTION = YES;
				GCC_WARN_UNUSED_VARIABLE = YES;
				MACOSX_DEPLOYMENT_TARGET = 14.0;
				MTL_ENABLE_DEBUG_INFO = INCLUDE_SOURCE;
				MTL_FAST_MATH = YES;
				ONLY_ACTIVE_ARCH = YES;
				PRODUCT_NAME = "$(TARGET_NAME)";
				SDKROOT = macosx;
				SWIFT_ACTIVE_COMPILATION_CONDITIONS = DEBUG;
				SWIFT_OPTIMIZATION_LEVEL = "-Onone";
				SWIFT_VERSION = 5.0;
			};
			name = Debug;
		};
/* End XCBuildConfiguration section */

/* Begin XCConfigurationList section */
		14E0308B6B74F2CDFFE8BA1E /* Build configuration list for PBXNativeTarget "CrewBus" */ = {
			isa = XCConfigurationList;
			buildConfigurations = (
				6C6D5365F83F04C3FC17502B /* Debug */,
				BC263C7A0FE37642C9CDF443 /* Release */,
			);
			defaultConfigurationIsVisible = 0;
			defaultConfigurationName = Debug;
		};
		25FF21C0B9E6E00A939FF348 /* Build configuration list for PBXProject "CrewBus" */ = {
			isa = XCConfigurationList;
			buildConfigurations = (
				CABEE5DF23822F40C0D9DB36 /* Debug */,
				A6CEB852240A23A588AA07DB /* Release */,
			);
			defaultConfigurationIsVisible = 0;
			defaultConfigurationName = Debug;
		};
/* End XCConfigurationList section */

/* Begin XCLocalSwiftPackageReference section */
		7C9F75A04717380241440242 /* XCLocalSwiftPackageReference "../CrewBusKit" */ = {
			isa = XCLocalSwiftPackageReference;
			relativePath = ../CrewBusKit;
		};
/* End XCLocalSwiftPackageReference section */

/* Begin XCSwiftPackageProductDependency section */
		2A3D76AC94280AA0F1171339 /* CrewBusKit */ = {
			isa = XCSwiftPackageProductDependency;
			productName = CrewBusKit;
		};
/* End XCSwiftPackageProductDependency section */
	};
	rootObject = F571E4418AC8E68FDD269CD5 /* Project object */;
}
